
Microsoft Visual Studio Solution File, Format Version 12.00
# Visual Studio 15
VisualStudioVersion = 15.0.26730.12
MinimumVisualStudioVersion = 10.0.40219.1
Project("{8BC9CEB8-8B4A-11D0-8D11-00A0C91BC942}") = "homework1-5", "homework1-5\homework1-5.vcxproj", "{FA37EE78-4572-44DD-8009-FA003F1BE1DE}"
EndProject
Global
	GlobalSection(SolutionConfigurationPlatforms) = preSolution
		Debug|x64 = Debug|x64
		Debug|x86 = Debug|x86
		Release|x64 = Release|x64
		Release|x86 = Release|x86
	EndGlobalSection
	GlobalSection(ProjectConfigurationPlatforms) = postSolution
		{FA37EE78-4572-44DD-8009-FA003F1BE1DE}.Debug|x64.ActiveCfg = Debug|x64
		{FA37EE78-4572-44DD-8009-FA003F1BE1DE}.Debug|x64.Build.0 = Debug|x64
		{FA37EE78-4572-44DD-8009-FA003F1BE1DE}.Debug|x86.ActiveCfg = Debug|Win32
		{FA37EE78-4572-44DD-8009-FA003F1BE1DE}.Debug|x86.Build.0 = Debug|Win32
		{FA37EE78-4572-44DD-8009-FA003F1BE1DE}.Release|x64.ActiveCfg = Release|x64
		{FA37EE78-4572-44DD-8009-FA003F1BE1DE}.Release|x64.Build.0 = Release|x64
		{FA37EE78-4572-44DD-8009-FA003F1BE1DE}.Release|x86.ActiveCfg = Release|Win32
		{FA37EE78-4572-44DD-8009-FA003F1BE1DE}.Release|x86.Build.0 = Release|Win32
	EndGlobalSection
	GlobalSection(SolutionProperties) = preSolution
		HideSolutionNode = FALSE
	EndGlobalSection
	GlobalSection(ExtensibilityGlobals) = postSolution
		SolutionGuid = {5BD87B1C-669E-4F46-94BB-412D9FDD23C9}
	EndGlobalSection
EndGlobal
